
Microsoft Visual Studio Solution File, Format Version 12.00
# Visual Studio Version 16
VisualStudioVersion = 16.0.28729.10
MinimumVisualStudioVersion = 10.0.40219.1
Project("{F184B08F-C81C-45F6-A57F-5ABD9991F28F}") = "TestApplication", "TestApplication\TestApplication.vbproj", "{AC190BF3-43B6-4BA9-8E35-D74DE759691C}"
EndProject
Project("{2150E333-8FDC-42A3-9474-1A3956D46DE8}") = "Solution Items", "Solution Items", "{039645BE-6273-427E-A781-6B5896495A42}"
	ProjectSection(SolutionItems) = preProject
		README.md = README.md
	EndProjectSection
EndProject
Project("{F184B08F-C81C-45F6-A57F-5ABD9991F28F}") = "BasicAudio.VisualBasic", "BasicAudio.VisualBasic\BasicAudio.VisualBasic.vbproj", "{5BDF22B9-DF92-4F0B-83E2-E527A6B74FD6}"
EndProject
Project("{9A19103F-16F7-4668-BE54-9A1E7A4F7556}") = "BasicAudio", "BasicAudio\BasicAudio.csproj", "{B154FC05-4592-4CAC-BDFD-D76E5770432B}"
EndProject
Project("{FAE04EC0-301F-11D3-BF4B-00C04F79EFBC}") = "AudioRecorder", "AudioRecorder\AudioRecorder.csproj", "{F3485F6E-1DB6-48F7-9A71-5CB63B963452}"
EndProject
Global
	GlobalSection(SolutionConfigurationPlatforms) = preSolution
		Debug|Any CPU = Debug|Any CPU
		Release|Any CPU = Release|Any CPU
	EndGlobalSection
	GlobalSection(ProjectConfigurationPlatforms) = postSolution
		{AC190BF3-43B6-4BA9-8E35-D74DE759691C}.Debug|Any CPU.ActiveCfg = Debug|Any CPU
		{AC190BF3-43B6-4BA9-8E35-D74DE759691C}.Debug|Any CPU.Build.0 = Debug|Any CPU
		{AC190BF3-43B6-4BA9-8E35-D74DE759691C}.Release|Any CPU.ActiveCfg = Release|Any CPU
		{AC190BF3-43B6-4BA9-8E35-D74DE759691C}.Release|Any CPU.Build.0 = Release|Any CPU
		{5BDF22B9-DF92-4F0B-83E2-E527A6B74FD6}.Debug|Any CPU.ActiveCfg = Debug|Any CPU
		{5BDF22B9-DF92-4F0B-83E2-E527A6B74FD6}.Debug|Any CPU.Build.0 = Debug|Any CPU
		{5BDF22B9-DF92-4F0B-83E2-E527A6B74FD6}.Release|Any CPU.ActiveCfg = Release|Any CPU
		{5BDF22B9-DF92-4F0B-83E2-E527A6B74FD6}.Release|Any CPU.Build.0 = Release|Any CPU
		{B154FC05-4592-4CAC-BDFD-D76E5770432B}.Debug|Any CPU.ActiveCfg = Debug|Any CPU
		{B154FC05-4592-4CAC-BDFD-D76E5770432B}.Debug|Any CPU.Build.0 = Debug|Any CPU
		{B154FC05-4592-4CAC-BDFD-D76E5770432B}.Release|Any CPU.ActiveCfg = Release|Any CPU
		{B154FC05-4592-4CAC-BDFD-D76E5770432B}.Release|Any CPU.Build.0 = Release|Any CPU
		{F3485F6E-1DB6-48F7-9A71-5CB63B963452}.Debug|Any CPU.ActiveCfg = Debug|Any CPU
		{F3485F6E-1DB6-48F7-9A71-5CB63B963452}.Debug|Any CPU.Build.0 = Debug|Any CPU
		{F3485F6E-1DB6-48F7-9A71-5CB63B963452}.Release|Any CPU.ActiveCfg = Release|Any CPU
		{F3485F6E-1DB6-48F7-9A71-5CB63B963452}.Release|Any CPU.Build.0 = Release|Any CPU
	EndGlobalSection
	GlobalSection(SolutionProperties) = preSolution
		HideSolutionNode = FALSE
	EndGlobalSection
	GlobalSection(ExtensibilityGlobals) = postSolution
		SolutionGuid = {F7B41907-F5BE-4DFE-B7BB-C8B68280AF4E}
	EndGlobalSection
EndGlobal
